
Microsoft Visual Studio Solution File, Format Version 11.00
# Visual Studio 2010
# SharpDevelop 5.1
Project("{FAE04EC0-301F-11D3-BF4B-00C04F79EFBC}") = "EksML", "EksML\EksML.csproj", "{45A6A0AB-E493-40E7-B68B-63BE0D18A123}"
EndProject
Global
	GlobalSection(SolutionConfigurationPlatforms) = preSolution
		Debug|Any CPU = Debug|Any CPU
		Release|Any CPU = Release|Any CPU
	EndGlobalSection
	GlobalSection(ProjectConfigurationPlatforms) = postSolution
		{45A6A0AB-E493-40E7-B68B-63BE0D18A123}.Debug|Any CPU.ActiveCfg = Debug|Any CPU
		{45A6A0AB-E493-40E7-B68B-63BE0D18A123}.Debug|Any CPU.Build.0 = Debug|Any CPU
		{45A6A0AB-E493-40E7-B68B-63BE0D18A123}.Release|Any CPU.ActiveCfg = Release|Any CPU
		{45A6A0AB-E493-40E7-B68B-63BE0D18A123}.Release|Any CPU.Build.0 = Release|Any CPU
	EndGlobalSection
EndGlobal
